{
  "name": "Glacier",
  "version": "1.0.0",
  "lockfileVersion": 1,
  "requires": true,
  "dependencies": {
    "nan": {
      "version": "2.14.1",
      "resolved": "https://registry.npmjs.org/nan/-/nan-2.14.1.tgz",
      "integrity": "sha512-isWHgVjnFjh2x2yuJ/tj3JbwoHu3UC2dX5G/88Cm24yB6YopVgxvBObDY7n5xW6ExmFhJpSEQqFPvq9zaXc8Jw=="
    },
    "os-service": {
      "version": "2.2.0",
      "resolved": "https://registry.npmjs.org/os-service/-/os-service-2.2.0.tgz",
      "integrity": "sha512-bc1BBoCCbVjHqF/EWYvCu0hE/PSs2VM/5lQLPqjkjelP0FQSI42s8/J8gMA1nqeNqyo2MaEFnlBz4ViI5IZxdQ==",
      "requires": {
        "nan": "2.14.x"
      }
    }
  }
}
